
Microsoft Visual Studio Solution File, Format Version 10.00
# Visual Studio 2008
Project("{FAE04EC0-301F-11D3-BF4B-00C04F79EFBC}") = "UnitTest", "UnitTest\UnitTest.csproj", "{81F39664-1339-44AE-8068-0968E3C82806}"
EndProject
Project("{2150E333-8FDC-42A3-9474-1A3956D46DE8}") = "Solution Items", "Solution Items", "{7DA479AF-23BA-456A-A5C7-6AA6406D01B6}"
	ProjectSection(SolutionItems) = preProject
		LocalTestRun.testrunconfig = LocalTestRun.testrunconfig
		UnitTest.vsmdi = UnitTest.vsmdi
	EndProjectSection
EndProject
Project("{8BC9CEB8-8B4A-11D0-8D11-00A0C91BC942}") = "cubrid_odbc", "..\cubrid_odbc.vcproj", "{37E00A2E-BBC5-4736-90D9-A1B4271759BB}"
EndProject
Global
	GlobalSection(TestCaseManagementSettings) = postSolution
		CategoryFile = UnitTest.vsmdi
	EndGlobalSection
	GlobalSection(SolutionConfigurationPlatforms) = preSolution
		Debug|Mixed Platforms = Debug|Mixed Platforms
		Debug|Win32 = Debug|Win32
		Debug|x64 = Debug|x64
		Debug|x86 = Debug|x86
		Release|Mixed Platforms = Release|Mixed Platforms
		Release|Win32 = Release|Win32
		Release|x64 = Release|x64
		Release|x86 = Release|x86
	EndGlobalSection
	GlobalSection(ProjectConfigurationPlatforms) = postSolution
		{81F39664-1339-44AE-8068-0968E3C82806}.Debug|Mixed Platforms.ActiveCfg = Debug|x86
		{81F39664-1339-44AE-8068-0968E3C82806}.Debug|Mixed Platforms.Build.0 = Debug|x86
		{81F39664-1339-44AE-8068-0968E3C82806}.Debug|Win32.ActiveCfg = Debug|Any CPU
		{81F39664-1339-44AE-8068-0968E3C82806}.Debug|x64.ActiveCfg = Debug|x86
		{81F39664-1339-44AE-8068-0968E3C82806}.Debug|x86.ActiveCfg = Debug|x86
		{81F39664-1339-44AE-8068-0968E3C82806}.Debug|x86.Build.0 = Debug|x86
		{81F39664-1339-44AE-8068-0968E3C82806}.Release|Mixed Platforms.ActiveCfg = Release|x86
		{81F39664-1339-44AE-8068-0968E3C82806}.Release|Mixed Platforms.Build.0 = Release|x86
		{81F39664-1339-44AE-8068-0968E3C82806}.Release|Win32.ActiveCfg = Release|Any CPU
		{81F39664-1339-44AE-8068-0968E3C82806}.Release|x64.ActiveCfg = Release|x86
		{81F39664-1339-44AE-8068-0968E3C82806}.Release|x86.ActiveCfg = Release|x86
		{81F39664-1339-44AE-8068-0968E3C82806}.Release|x86.Build.0 = Release|x86
		{37E00A2E-BBC5-4736-90D9-A1B4271759BB}.Debug|Mixed Platforms.ActiveCfg = Debug|x64
		{37E00A2E-BBC5-4736-90D9-A1B4271759BB}.Debug|Mixed Platforms.Build.0 = Debug|x64
		{37E00A2E-BBC5-4736-90D9-A1B4271759BB}.Debug|Win32.ActiveCfg = Debug|Win32
		{37E00A2E-BBC5-4736-90D9-A1B4271759BB}.Debug|Win32.Build.0 = Debug|Win32
		{37E00A2E-BBC5-4736-90D9-A1B4271759BB}.Debug|x64.ActiveCfg = Debug|x64
		{37E00A2E-BBC5-4736-90D9-A1B4271759BB}.Debug|x64.Build.0 = Debug|x64
		{37E00A2E-BBC5-4736-90D9-A1B4271759BB}.Debug|x86.ActiveCfg = Debug|x64
		{37E00A2E-BBC5-4736-90D9-A1B4271759BB}.Release|Mixed Platforms.ActiveCfg = Release|x64
		{37E00A2E-BBC5-4736-90D9-A1B4271759BB}.Release|Mixed Platforms.Build.0 = Release|x64
		{37E00A2E-BBC5-4736-90D9-A1B4271759BB}.Release|Win32.ActiveCfg = Release|Win32
		{37E00A2E-BBC5-4736-90D9-A1B4271759BB}.Release|Win32.Build.0 = Release|Win32
		{37E00A2E-BBC5-4736-90D9-A1B4271759BB}.Release|x64.ActiveCfg = Release|x64
		{37E00A2E-BBC5-4736-90D9-A1B4271759BB}.Release|x64.Build.0 = Release|x64
		{37E00A2E-BBC5-4736-90D9-A1B4271759BB}.Release|x86.ActiveCfg = Release|x64
	EndGlobalSection
	GlobalSection(SolutionProperties) = preSolution
		HideSolutionNode = FALSE
	EndGlobalSection
EndGlobal
