
Microsoft Visual Studio Solution File, Format Version 12.00
# Visual Studio 15
VisualStudioVersion = 15.0.26430.6
MinimumVisualStudioVersion = 10.0.40219.1
Project("{8BC9CEB8-8B4A-11D0-8D11-00A0C91BC942}") = "UnitTest-CPP", "UnitTest-CPP\UnitTest-CPP.vcxproj", "{FA19B10D-59A2-42F6-AD63-06C00122E9E6}"
EndProject
Project("{8BC9CEB8-8B4A-11D0-8D11-00A0C91BC942}") = "cubrid_odbc", "..\cubrid_odbc_14.vcxproj", "{37E00A2E-BBC5-4736-90D9-A1B4271759BB}"
EndProject
Project("{8BC9CEB8-8B4A-11D0-8D11-00A0C91BC942}") = "cubrid_odbc_unicode", "..\cubrid_odbc_unicode_14.vcxproj", "{0092BD82-BCE8-4E10-A9DB-D083FC5C9D67}"
EndProject
Global
	GlobalSection(SolutionConfigurationPlatforms) = preSolution
		Debug|Win32 = Debug|Win32
		Debug|x64 = Debug|x64
		Release|Win32 = Release|Win32
		Release|x64 = Release|x64
	EndGlobalSection
	GlobalSection(ProjectConfigurationPlatforms) = postSolution
		{FA19B10D-59A2-42F6-AD63-06C00122E9E6}.Debug|Win32.ActiveCfg = Debug|Win32
		{FA19B10D-59A2-42F6-AD63-06C00122E9E6}.Debug|Win32.Build.0 = Debug|Win32
		{FA19B10D-59A2-42F6-AD63-06C00122E9E6}.Debug|Win32.Deploy.0 = Debug|Win32
		{FA19B10D-59A2-42F6-AD63-06C00122E9E6}.Debug|x64.ActiveCfg = Debug|x64
		{FA19B10D-59A2-42F6-AD63-06C00122E9E6}.Debug|x64.Build.0 = Debug|x64
		{FA19B10D-59A2-42F6-AD63-06C00122E9E6}.Release|Win32.ActiveCfg = Release|Win32
		{FA19B10D-59A2-42F6-AD63-06C00122E9E6}.Release|Win32.Build.0 = Release|Win32
		{FA19B10D-59A2-42F6-AD63-06C00122E9E6}.Release|x64.ActiveCfg = Release|x64
		{FA19B10D-59A2-42F6-AD63-06C00122E9E6}.Release|x64.Build.0 = Release|x64
		{37E00A2E-BBC5-4736-90D9-A1B4271759BB}.Debug|Win32.ActiveCfg = Debug|Win32
		{37E00A2E-BBC5-4736-90D9-A1B4271759BB}.Debug|Win32.Build.0 = Debug|Win32
		{37E00A2E-BBC5-4736-90D9-A1B4271759BB}.Debug|x64.ActiveCfg = Debug|x64
		{37E00A2E-BBC5-4736-90D9-A1B4271759BB}.Debug|x64.Build.0 = Debug|x64
		{37E00A2E-BBC5-4736-90D9-A1B4271759BB}.Release|Win32.ActiveCfg = Release|Win32
		{37E00A2E-BBC5-4736-90D9-A1B4271759BB}.Release|Win32.Build.0 = Release|Win32
		{37E00A2E-BBC5-4736-90D9-A1B4271759BB}.Release|x64.ActiveCfg = Release|x64
		{37E00A2E-BBC5-4736-90D9-A1B4271759BB}.Release|x64.Build.0 = Release|x64
		{0092BD82-BCE8-4E10-A9DB-D083FC5C9D67}.Debug|Win32.ActiveCfg = Debug|Win32
		{0092BD82-BCE8-4E10-A9DB-D083FC5C9D67}.Debug|Win32.Build.0 = Debug|Win32
		{0092BD82-BCE8-4E10-A9DB-D083FC5C9D67}.Debug|x64.ActiveCfg = Debug|x64
		{0092BD82-BCE8-4E10-A9DB-D083FC5C9D67}.Debug|x64.Build.0 = Debug|x64
		{0092BD82-BCE8-4E10-A9DB-D083FC5C9D67}.Release|Win32.ActiveCfg = Release|Win32
		{0092BD82-BCE8-4E10-A9DB-D083FC5C9D67}.Release|Win32.Build.0 = Release|Win32
		{0092BD82-BCE8-4E10-A9DB-D083FC5C9D67}.Release|x64.ActiveCfg = Release|x64
		{0092BD82-BCE8-4E10-A9DB-D083FC5C9D67}.Release|x64.Build.0 = Release|x64
	EndGlobalSection
	GlobalSection(SolutionProperties) = preSolution
		HideSolutionNode = FALSE
	EndGlobalSection
EndGlobal
